// !$*UTF8*$!
{
	archiveVersion = 1;
	classes = {
	};
	objectVersion = 50;
	objects = {

/* Begin PBXBuildFile section */
		DFDF5CB023F917B5002076AA /* AppDelegate.swift in Sources */ = {isa = PBXBuildFile; fileRef = DFDF5CAF23F917B5002076AA /* AppDelegate.swift */; };
		DFDF5CB223F917B5002076AA /* SceneDelegate.swift in Sources */ = {isa = PBXBuildFile; fileRef = DFDF5CB123F917B5002076AA /* SceneDelegate.swift */; };
		DFDF5CB423F917B5002076AA /* ContentView.swift in Sources */ = {isa = PBXBuildFile; fileRef = DFDF5CB323F917B5002076AA /* ContentView.swift */; };
		DFDF5CB623F917B7002076AA /* Assets.xcassets in Resources */ = {isa = PBXBuildFile; fileRef = DFDF5CB523F917B7002076AA /* Assets.xcassets */; };
		DFDF5CB923F917B7002076AA /* Preview Assets.xcassets in Resources */ = {isa = PBXBuildFile; fileRef = DFDF5CB823F917B7002076AA /* Preview Assets.xcassets */; };
		DFDF5CBC23F917B7002076AA /* LaunchScreen.storyboard in Resources */ = {isa = PBXBuildFile; fileRef = DFDF5CBA23F917B7002076AA /* LaunchScreen.storyboard */; };
		DFDF5CC723F917B7002076AA /* AnimationTests.swift in Sources */ = {isa = PBXBuildFile; fileRef = DFDF5CC623F917B7002076AA /* AnimationTests.swift */; };
		DFDF5CD223F917B7002076AA /* AnimationUITests.swift in Sources */ = {isa = PBXBuildFile; fileRef = DFDF5CD123F917B7002076AA /* AnimationUITests.swift */; };
/* End PBXBuildFile section */

/* Begin PBXContainerItemProxy section */
		DFDF5CC323F917B7002076AA /* PBXContainerItemProxy */ = {
			isa = PBXContainerItemProxy;
			containerPortal = DFDF5CA423F917B5002076AA /* Project object */;
			proxyType = 1;
			remoteGlobalIDString = DFDF5CAB23F917B5002076AA;
			remoteInfo = Animation;
		};
		DFDF5CCE23F917B7002076AA /* PBXContainerItemProxy */ = {
			isa = PBXContainerItemProxy;
			containerPortal = DFDF5CA423F917B5002076AA /* Project object */;
			proxyType = 1;
			remoteGlobalIDString = DFDF5CAB23F917B5002076AA;
			remoteInfo = Animation;
		};
/* End PBXContainerItemProxy section */

/* Begin PBXFileReference section */
		DFDF5CAC23F917B5002076AA /* Animation.app */ = {isa = PBXFileReference; explicitFileType = wrapper.application; includeInIndex = 0; path = Animation.app; sourceTree = BUILT_PRODUCTS_DIR; };
		DFDF5CAF23F917B5002076AA /* AppDelegate.swift */ = {isa = PBXFileReference; lastKnownFileType = sourcecode.swift; path = AppDelegate.swift; sourceTree = "<group>"; };
		DFDF5CB123F917B5002076AA /* SceneDelegate.swift */ = {isa = PBXFileReference; lastKnownFileType = sourcecode.swift; path = SceneDelegate.swift; sourceTree = "<group>"; };
		DFDF5CB323F917B5002076AA /* ContentView.swift */ = {isa = PBXFileReference; lastKnownFileType = sourcecode.swift; path = ContentView.swift; sourceTree = "<group>"; };
		DFDF5CB523F917B7002076AA /* Assets.xcassets */ = {isa = PBXFileReference; lastKnownFileType = folder.assetcatalog; path = Assets.xcassets; sourceTree = "<group>"; };
		DFDF5CB823F917B7002076AA /* Preview Assets.xcassets */ = {isa = PBXFileReference; lastKnownFileType = folder.assetcatalog; path = "Preview Assets.xcassets"; sourceTree = "<group>"; };
		DFDF5CBB23F917B7002076AA /* Base */ = {isa = PBXFileReference; lastKnownFileType = file.storyboard; name = Base; path = Base.lproj/LaunchScreen.storyboard; sourceTree = "<group>"; };
		DFDF5CBD23F917B7002076AA /* Info.plist */ = {isa = PBXFileReference; lastKnownFileType = text.plist.xml; path = Info.plist; sourceTree = "<group>"; };
		DFDF5CC223F917B7002076AA /* AnimationTests.xctest */ = {isa = PBXFileReference; explicitFileType = wrapper.cfbundle; includeInIndex = 0; path = AnimationTests.xctest; sourceTree = BUILT_PRODUCTS_DIR; };
		DFDF5CC623F917B7002076AA /* AnimationTests.swift */ = {isa = PBXFileReference; lastKnownFileType = sourcecode.swift; path = AnimationTests.swift; sourceTree = "<group>"; };
		DFDF5CC823F917B7002076AA /* Info.plist */ = {isa = PBXFileReference; lastKnownFileType = text.plist.xml; path = Info.plist; sourceTree = "<group>"; };
		DFDF5CCD23F917B7002076AA /* AnimationUITests.xctest */ = {isa = PBXFileReference; explicitFileType = wrapper.cfbundle; includeInIndex = 0; path = AnimationUITests.xctest; sourceTree = BUILT_PRODUCTS_DIR; };
		DFDF5CD123F917B7002076AA /* AnimationUITests.swift */ = {isa = PBXFileReference; lastKnownFileType = sourcecode.swift; path = AnimationUITests.swift; sourceTree = "<group>"; };
		DFDF5CD323F917B7002076AA /* Info.plist */ = {isa = PBXFileReference; lastKnownFileType = text.plist.xml; path = Info.plist; sourceTree = "<group>"; };
/* End PBXFileReference section */

/* Begin PBXFrameworksBuildPhase section */
		DFDF5CA923F917B5002076AA /* Frameworks */ = {
			isa = PBXFrameworksBuildPhase;
			buildActionMask = 2147483647;
			files = (
			);
			runOnlyForDeploymentPostprocessing = 0;
		};
		DFDF5CBF23F917B7002076AA /* Frameworks */ = {
			isa = PBXFrameworksBuildPhase;
			buildActionMask = 2147483647;
			files = (
			);
			runOnlyForDeploymentPostprocessing = 0;
		};
		DFDF5CCA23F917B7002076AA /* Frameworks */ = {
			isa = PBXFrameworksBuildPhase;
			buildActionMask = 2147483647;
			files = (
			);
			runOnlyForDeploymentPostprocessing = 0;
		};
/* End PBXFrameworksBuildPhase section */

/* Begin PBXGroup section */
		DFDF5CA323F917B5002076AA = {
			isa = PBXGroup;
			children = (
				DFDF5CAE23F917B5002076AA /* Animation */,
				DFDF5CC523F917B7002076AA /* AnimationTests */,
				DFDF5CD023F917B7002076AA /* AnimationUITests */,
				DFDF5CAD23F917B5002076AA /* Products */,
			);
			sourceTree = "<group>";
		};
		DFDF5CAD23F917B5002076AA /* Products */ = {
			isa = PBXGroup;
			children = (
				DFDF5CAC23F917B5002076AA /* Animation.app */,
				DFDF5CC223F917B7002076AA /* AnimationTests.xctest */,
				DFDF5CCD23F917B7002076AA /* AnimationUITests.xctest */,
			);
			name = Products;
			sourceTree = "<group>";
		};
		DFDF5CAE23F917B5002076AA /* Animation */ = {
			isa = PBXGroup;
			children = (
				DFDF5CAF23F917B5002076AA /* AppDelegate.swift */,
				DFDF5CB123F917B5002076AA /* SceneDelegate.swift */,
				DFDF5CB323F917B5002076AA /* ContentView.swift */,
				DFDF5CB523F917B7002076AA /* Assets.xcassets */,
				DFDF5CBA23F917B7002076AA /* LaunchScreen.storyboard */,
				DFDF5CBD23F917B7002076AA /* Info.plist */,
				DFDF5CB723F917B7002076AA /* Preview Content */,
			);
			path = Animation;
			sourceTree = "<group>";
		};
		DFDF5CB723F917B7002076AA /* Preview Content */ = {
			isa = PBXGroup;
			children = (
				DFDF5CB823F917B7002076AA /* Preview Assets.xcassets */,
			);
			path = "Preview Content";
			sourceTree = "<group>";
		};
		DFDF5CC523F917B7002076AA /* AnimationTests */ = {
			isa = PBXGroup;
			children = (
				DFDF5CC623F917B7002076AA /* AnimationTests.swift */,
				DFDF5CC823F917B7002076AA /* Info.plist */,
			);
			path = AnimationTests;
			sourceTree = "<group>";
		};
		DFDF5CD023F917B7002076AA /* AnimationUITests */ = {
			isa = PBXGroup;
			children = (
				DFDF5CD123F917B7002076AA /* AnimationUITests.swift */,
				DFDF5CD323F917B7002076AA /* Info.plist */,
			);
			path = AnimationUITests;
			sourceTree = "<group>";
		};
/* End PBXGroup section */

/* Begin PBXNativeTarget section */
		DFDF5CAB23F917B5002076AA /* Animation */ = {
			isa = PBXNativeTarget;
			buildConfigurationList = DFDF5CD623F917B7002076AA /* Build configuration list for PBXNativeTarget "Animation" */;
			buildPhases = (
				DFDF5CA823F917B5002076AA /* Sources */,
				DFDF5CA923F917B5002076AA /* Frameworks */,
				DFDF5CAA23F917B5002076AA /* Resources */,
			);
			buildRules = (
			);
			dependencies = (
			);
			name = Animation;
			productName = Animation;
			productReference = DFDF5CAC23F917B5002076AA /* Animation.app */;
			productType = "com.apple.product-type.application";
		};
		DFDF5CC123F917B7002076AA /* AnimationTests */ = {
			isa = PBXNativeTarget;
			buildConfigurationList = DFDF5CD923F917B7002076AA /* Build configuration list for PBXNativeTarget "AnimationTests" */;
			buildPhases = (
				DFDF5CBE23F917B7002076AA /* Sources */,
				DFDF5CBF23F917B7002076AA /* Frameworks */,
				DFDF5CC023F917B7002076AA /* Resources */,
			);
			buildRules = (
			);
			dependencies = (
				DFDF5CC423F917B7002076AA /* PBXTargetDependency */,
			);
			name = AnimationTests;
			productName = AnimationTests;
			productReference = DFDF5CC223F917B7002076AA /* AnimationTests.xctest */;
			productType = "com.apple.product-type.bundle.unit-test";
		};
		DFDF5CCC23F917B7002076AA /* AnimationUITests */ = {
			isa = PBXNativeTarget;
			buildConfigurationList = DFDF5CDC23F917B7002076AA /* Build configuration list for PBXNativeTarget "AnimationUITests" */;
			buildPhases = (
				DFDF5CC923F917B7002076AA /* Sources */,
				DFDF5CCA23F917B7002076AA /* Frameworks */,
				DFDF5CCB23F917B7002076AA /* Resources */,
			);
			buildRules = (
			);
			dependencies = (
				DFDF5CCF23F917B7002076AA /* PBXTargetDependency */,
			);
			name = AnimationUITests;
			productName = AnimationUITests;
			productReference = DFDF5CCD23F917B7002076AA /* AnimationUITests.xctest */;
			productType = "com.apple.product-type.bundle.ui-testing";
		};
/* End PBXNativeTarget section */

/* Begin PBXProject section */
		DFDF5CA423F917B5002076AA /* Project object */ = {
			isa = PBXProject;
			attributes = {
				LastSwiftUpdateCheck = 1130;
				LastUpgradeCheck = 1130;
				ORGANIZATIONNAME = "Mustafa Khalil";
				TargetAttributes = {
					DFDF5CAB23F917B5002076AA = {
						CreatedOnToolsVersion = 11.3.1;
					};
					DFDF5CC123F917B7002076AA = {
						CreatedOnToolsVersion = 11.3.1;
						TestTargetID = DFDF5CAB23F917B5002076AA;
					};
					DFDF5CCC23F917B7002076AA = {
						CreatedOnToolsVersion = 11.3.1;
						TestTargetID = DFDF5CAB23F917B5002076AA;
					};
				};
			};
			buildConfigurationList = DFDF5CA723F917B5002076AA /* Build configuration list for PBXProject "Animation" */;
			compatibilityVersion = "Xcode 9.3";
			developmentRegion = en;
			hasScannedForEncodings = 0;
			knownRegions = (
				en,
				Base,
			);
			mainGroup = DFDF5CA323F917B5002076AA;
			productRefGroup = DFDF5CAD23F917B5002076AA /* Products */;
			projectDirPath = "";
			projectRoot = "";
			targets = (
				DFDF5CAB23F917B5002076AA /* Animation */,
				DFDF5CC123F917B7002076AA /* AnimationTests */,
				DFDF5CCC23F917B7002076AA /* AnimationUITests */,
			);
		};
/* End PBXProject section */

/* Begin PBXResourcesBuildPhase section */
		DFDF5CAA23F917B5002076AA /* Resources */ = {
			isa = PBXResourcesBuildPhase;
			buildActionMask = 2147483647;
			files = (
				DFDF5CBC23F917B7002076AA /* LaunchScreen.storyboard in Resources */,
				DFDF5CB923F917B7002076AA /* Preview Assets.xcassets in Resources */,
				DFDF5CB623F917B7002076AA /* Assets.xcassets in Resources */,
			);
			runOnlyForDeploymentPostprocessing = 0;
		};
		DFDF5CC023F917B7002076AA /* Resources */ = {
			isa = PBXResourcesBuildPhase;
			buildActionMask = 2147483647;
			files = (
			);
			runOnlyForDeploymentPostprocessing = 0;
		};
		DFDF5CCB23F917B7002076AA /* Resources */ = {
			isa = PBXResourcesBuildPhase;
			buildActionMask = 2147483647;
			files = (
			);
			runOnlyForDeploymentPostprocessing = 0;
		};
/* End PBXResourcesBuildPhase section */

/* Begin PBXSourcesBuildPhase section */
		DFDF5CA823F917B5002076AA /* Sources */ = {
			isa = PBXSourcesBuildPhase;
			buildActionMask = 2147483647;
			files = (
				DFDF5CB023F917B5002076AA /* AppDelegate.swift in Sources */,
				DFDF5CB223F917B5002076AA /* SceneDelegate.swift in Sources */,
				DFDF5CB423F917B5002076AA /* ContentView.swift in Sources */,
			);
			runOnlyForDeploymentPostprocessing = 0;
		};
		DFDF5CBE23F917B7002076AA /* Sources */ = {
			isa = PBXSourcesBuildPhase;
			buildActionMask = 2147483647;
			files = (
				DFDF5CC723F917B7002076AA /* AnimationTests.swift in Sources */,
			);
			runOnlyForDeploymentPostprocessing = 0;
		};
		DFDF5CC923F917B7002076AA /* Sources */ = {
			isa = PBXSourcesBuildPhase;
			buildActionMask = 2147483647;
			files = (
				DFDF5CD223F917B7002076AA /* AnimationUITests.swift in Sources */,
			);
			runOnlyForDeploymentPostprocessing = 0;
		};
/* End PBXSourcesBuildPhase section */

/* Begin PBXTargetDependency section */
		DFDF5CC423F917B7002076AA /* PBXTargetDependency */ = {
			isa = PBXTargetDependency;
			target = DFDF5CAB23F917B5002076AA /* Animation */;
			targetProxy = DFDF5CC323F917B7002076AA /* PBXContainerItemProxy */;
		};
		DFDF5CCF23F917B7002076AA /* PBXTargetDependency */ = {
			isa = PBXTargetDependency;
			target = DFDF5CAB23F917B5002076AA /* Animation */;
			targetProxy = DFDF5CCE23F917B7002076AA /* PBXContainerItemProxy */;
		};
/* End PBXTargetDependency section */

/* Begin PBXVariantGroup section */
		DFDF5CBA23F917B7002076AA /* LaunchScreen.storyboard */ = {
			isa = PBXVariantGroup;
			children = (
				DFDF5CBB23F917B7002076AA /* Base */,
			);
			name = LaunchScreen.storyboard;
			sourceTree = "<group>";
		};
/* End PBXVariantGroup section */

/* Begin XCBuildConfiguration section */
		DFDF5CD423F917B7002076AA /* Debug */ = {
			isa = XCBuildConfiguration;
			buildSettings = {
				ALWAYS_SEARCH_USER_PATHS = NO;
				CLANG_ANALYZER_NONNULL = YES;
				CLANG_ANALYZER_NUMBER_OBJECT_CONVERSION = YES_AGGRESSIVE;
				CLANG_CXX_LANGUAGE_STANDARD = "gnu++14";
				CLANG_CXX_LIBRARY = "libc++";
				CLANG_ENABLE_MODULES = YES;
				CLANG_ENABLE_OBJC_ARC = YES;
				CLANG_ENABLE_OBJC_WEAK = YES;
				CLANG_WARN_BLOCK_CAPTURE_AUTORELEASING = YES;
				CLANG_WARN_BOOL_CONVERSION = YES;
				CLANG_WARN_COMMA = YES;
				CLANG_WARN_CONSTANT_CONVERSION = YES;
				CLANG_WARN_DEPRECATED_OBJC_IMPLEMENTATIONS = YES;
				CLANG_WARN_DIRECT_OBJC_ISA_USAGE = YES_ERROR;
				CLANG_WARN_DOCUMENTATION_COMMENTS = YES;
				CLANG_WARN_EMPTY_BODY = YES;
				CLANG_WARN_ENUM_CONVERSION = YES;
				CLANG_WARN_INFINITE_RECURSION = YES;
				CLANG_WARN_INT_CONVERSION = YES;
				CLANG_WARN_NON_LITERAL_NULL_CONVERSION = YES;
				CLANG_WARN_OBJC_IMPLICIT_RETAIN_SELF = YES;
				CLANG_WARN_OBJC_LITERAL_CONVERSION = YES;
				CLANG_WARN_OBJC_ROOT_CLASS = YES_ERROR;
				CLANG_WARN_RANGE_LOOP_ANALYSIS = YES;
				CLANG_WARN_STRICT_PROTOTYPES = YES;
				CLANG_WARN_SUSPICIOUS_MOVE = YES;
				CLANG_WARN_UNGUARDED_AVAILABILITY = YES_AGGRESSIVE;
				CLANG_WARN_UNREACHABLE_CODE = YES;
				CLANG_WARN__DUPLICATE_METHOD_MATCH = YES;
				COPY_PHASE_STRIP = NO;
				DEBUG_INFORMATION_FORMAT = dwarf;
				ENABLE_STRICT_OBJC_MSGSEND = YES;
				ENABLE_TESTABILITY = YES;
				GCC_C_LANGUAGE_STANDARD = gnu11;
				GCC_DYNAMIC_NO_PIC = NO;
				GCC_NO_COMMON_BLOCKS = YES;
				GCC_OPTIMIZATION_LEVEL = 0;
				GCC_PREPROCESSOR_DEFINITIONS = (
					"DEBUG=1",
					"$(inherited)",
				);
				GCC_WARN_64_TO_32_BIT_CONVERSION = YES;
				GCC_WARN_ABOUT_RETURN_TYPE = YES_ERROR;
				GCC_WARN_UNDECLARED_SELECTOR = YES;
				GCC_WARN_UNINITIALIZED_AUTOS = YES_AGGRESSIVE;
				GCC_WARN_UNUSED_FUNCTION = YES;
				GCC_WARN_UNUSED_VARIABLE = YES;
				IPHONEOS_DEPLOYMENT_TARGET = 13.2;
				MTL_ENABLE_DEBUG_INFO = INCLUDE_SOURCE;
				MTL_FAST_MATH = YES;
				ONLY_ACTIVE_ARCH = YES;
				SDKROOT = iphoneos;
				SWIFT_ACTIVE_COMPILATION_CONDITIONS = DEBUG;
				SWIFT_OPTIMIZATION_LEVEL = "-Onone";
			};
			name = Debug;
		};
		DFDF5CD523F917B7002076AA /* Release */ = {
			isa = XCBuildConfiguration;
			buildSettings = {
				ALWAYS_SEARCH_USER_PATHS = NO;
				CLANG_ANALYZER_NONNULL = YES;
				CLANG_ANALYZER_NUMBER_OBJECT_CONVERSION = YES_AGGRESSIVE;
				CLANG_CXX_LANGUAGE_STANDARD = "gnu++14";
				CLANG_CXX_LIBRARY = "libc++";
				CLANG_ENABLE_MODULES = YES;
				CLANG_ENABLE_OBJC_ARC = YES;
				CLANG_ENABLE_OBJC_WEAK = YES;
				CLANG_WARN_BLOCK_CAPTURE_AUTORELEASING = YES;
				CLANG_WARN_BOOL_CONVERSION = YES;
				CLANG_WARN_COMMA = YES;
				CLANG_WARN_CONSTANT_CONVERSION = YES;
				CLANG_WARN_DEPRECATED_OBJC_IMPLEMENTATIONS = YES;
				CLANG_WARN_DIRECT_OBJC_ISA_USAGE = YES_ERROR;
				CLANG_WARN_DOCUMENTATION_COMMENTS = YES;
				CLANG_WARN_EMPTY_BODY = YES;
				CLANG_WARN_ENUM_CONVERSION = YES;
				CLANG_WARN_INFINITE_RECURSION = YES;
				CLANG_WARN_INT_CONVERSION = YES;
				CLANG_WARN_NON_LITERAL_NULL_CONVERSION = YES;
				CLANG_WARN_OBJC_IMPLICIT_RETAIN_SELF = YES;
				CLANG_WARN_OBJC_LITERAL_CONVERSION = YES;
				CLANG_WARN_OBJC_ROOT_CLASS = YES_ERROR;
				CLANG_WARN_RANGE_LOOP_ANALYSIS = YES;
				CLANG_WARN_STRICT_PROTOTYPES = YES;
				CLANG_WARN_SUSPICIOUS_MOVE = YES;
				CLANG_WARN_UNGUARDED_AVAILABILITY = YES_AGGRESSIVE;
				CLANG_WARN_UNREACHABLE_CODE = YES;
				CLANG_WARN__DUPLICATE_METHOD_MATCH = YES;
				COPY_PHASE_STRIP = NO;
				DEBUG_INFORMATION_FORMAT = "dwarf-with-dsym";
				ENABLE_NS_ASSERTIONS = NO;
				ENABLE_STRICT_OBJC_MSGSEND = YES;
				GCC_C_LANGUAGE_STANDARD = gnu11;
				GCC_NO_COMMON_BLOCKS = YES;
				GCC_WARN_64_TO_32_BIT_CONVERSION = YES;
				GCC_WARN_ABOUT_RETURN_TYPE = YES_ERROR;
				GCC_WARN_UNDECLARED_SELECTOR = YES;
				GCC_WARN_UNINITIALIZED_AUTOS = YES_AGGRESSIVE;
				GCC_WARN_UNUSED_FUNCTION = YES;
				GCC_WARN_UNUSED_VARIABLE = YES;
				IPHONEOS_DEPLOYMENT_TARGET = 13.2;
				MTL_ENABLE_DEBUG_INFO = NO;
				MTL_FAST_MATH = YES;
				SDKROOT = iphoneos;
				SWIFT_COMPILATION_MODE = wholemodule;
				SWIFT_OPTIMIZATION_LEVEL = "-O";
				VALIDATE_PRODUCT = YES;
			};
			name = Release;
		};
		DFDF5CD723F917B7002076AA /* Debug */ = {
			isa = XCBuildConfiguration;
			buildSettings = {
				ASSETCATALOG_COMPILER_APPICON_NAME = AppIcon;
				CODE_SIGN_STYLE = Automatic;
				DEVELOPMENT_ASSET_PATHS = "\"Animation/Preview Content\"";
				DEVELOPMENT_TEAM = 8QAD36SMXZ;
				ENABLE_PREVIEWS = YES;
				INFOPLIST_FILE = Animation/Info.plist;
				LD_RUNPATH_SEARCH_PATHS = (
					"$(inherited)",
					"@executable_path/Frameworks",
				);
				PRODUCT_BUNDLE_IDENTIFIER = space.mmk.Animation;
				PRODUCT_NAME = "$(TARGET_NAME)";
				SWIFT_VERSION = 5.0;
				TARGETED_DEVICE_FAMILY = "1,2";
			};
			name = Debug;
		};
		DFDF5CD823F917B7002076AA /* Release */ = {
			isa = XCBuildConfiguration;
			buildSettings = {
				ASSETCATALOG_COMPILER_APPICON_NAME = AppIcon;
				CODE_SIGN_STYLE = Automatic;
				DEVELOPMENT_ASSET_PATHS = "\"Animation/Preview Content\"";
				DEVELOPMENT_TEAM = 8QAD36SMXZ;
				ENABLE_PREVIEWS = YES;
				INFOPLIST_FILE = Animation/Info.plist;
				LD_RUNPATH_SEARCH_PATHS = (
					"$(inherited)",
					"@executable_path/Frameworks",
				);
				PRODUCT_BUNDLE_IDENTIFIER = space.mmk.Animation;
				PRODUCT_NAME = "$(TARGET_NAME)";
				SWIFT_VERSION = 5.0;
				TARGETED_DEVICE_FAMILY = "1,2";
			};
			name = Release;
		};
		DFDF5CDA23F917B7002076AA /* Debug */ = {
			isa = XCBuildConfiguration;
			buildSettings = {
				ALWAYS_EMBED_SWIFT_STANDARD_LIBRARIES = YES;
				BUNDLE_LOADER = "$(TEST_HOST)";
				CODE_SIGN_STYLE = Automatic;
				DEVELOPMENT_TEAM = 8QAD36SMXZ;
				INFOPLIST_FILE = AnimationTests/Info.plist;
				IPHONEOS_DEPLOYMENT_TARGET = 13.2;
				LD_RUNPATH_SEARCH_PATHS = (
					"$(inherited)",
					"@executable_path/Frameworks",
					"@loader_path/Frameworks",
				);
				PRODUCT_BUNDLE_IDENTIFIER = space.mmk.AnimationTests;
				PRODUCT_NAME = "$(TARGET_NAME)";
				SWIFT_VERSION = 5.0;
				TARGETED_DEVICE_FAMILY = "1,2";
				TEST_HOST = "$(BUILT_PRODUCTS_DIR)/Animation.app/Animation";
			};
			name = Debug;
		};
		DFDF5CDB23F917B7002076AA /* Release */ = {
			isa = XCBuildConfiguration;
			buildSettings = {
				ALWAYS_EMBED_SWIFT_STANDARD_LIBRARIES = YES;
				BUNDLE_LOADER = "$(TEST_HOST)";
				CODE_SIGN_STYLE = Automatic;
				DEVELOPMENT_TEAM = 8QAD36SMXZ;
				INFOPLIST_FILE = AnimationTests/Info.plist;
				IPHONEOS_DEPLOYMENT_TARGET = 13.2;
				LD_RUNPATH_SEARCH_PATHS = (
					"$(inherited)",
					"@executable_path/Frameworks",
					"@loader_path/Frameworks",
				);
				PRODUCT_BUNDLE_IDENTIFIER = space.mmk.AnimationTests;
				PRODUCT_NAME = "$(TARGET_NAME)";
				SWIFT_VERSION = 5.0;
				TARGETED_DEVICE_FAMILY = "1,2";
				TEST_HOST = "$(BUILT_PRODUCTS_DIR)/Animation.app/Animation";
			};
			name = Release;
		};
		DFDF5CDD23F917B7002076AA /* Debug */ = {
			isa = XCBuildConfiguration;
			buildSettings = {
				ALWAYS_EMBED_SWIFT_STANDARD_LIBRARIES = YES;
				CODE_SIGN_STYLE = Automatic;
				DEVELOPMENT_TEAM = 8QAD36SMXZ;
				INFOPLIST_FILE = AnimationUITests/Info.plist;
				LD_RUNPATH_SEARCH_PATHS = (
					"$(inherited)",
					"@executable_path/Frameworks",
					"@loader_path/Frameworks",
				);
				PRODUCT_BUNDLE_IDENTIFIER = space.mmk.AnimationUITests;
				PRODUCT_NAME = "$(TARGET_NAME)";
				SWIFT_VERSION = 5.0;
				TARGETED_DEVICE_FAMILY = "1,2";
				TEST_TARGET_NAME = Animation;
			};
			name = Debug;
		};
		DFDF5CDE23F917B7002076AA /* Release */ = {
			isa = XCBuildConfiguration;
			buildSettings = {
				ALWAYS_EMBED_SWIFT_STANDARD_LIBRARIES = YES;
				CODE_SIGN_STYLE = Automatic;
				DEVELOPMENT_TEAM = 8QAD36SMXZ;
				INFOPLIST_FILE = AnimationUITests/Info.plist;
				LD_RUNPATH_SEARCH_PATHS = (
					"$(inherited)",
					"@executable_path/Frameworks",
					"@loader_path/Frameworks",
				);
				PRODUCT_BUNDLE_IDENTIFIER = space.mmk.AnimationUITests;
				PRODUCT_NAME = "$(TARGET_NAME)";
				SWIFT_VERSION = 5.0;
				TARGETED_DEVICE_FAMILY = "1,2";
				TEST_TARGET_NAME = Animation;
			};
			name = Release;
		};
/* End XCBuildConfiguration section */

/* Begin XCConfigurationList section */
		DFDF5CA723F917B5002076AA /* Build configuration list for PBXProject "Animation" */ = {
			isa = XCConfigurationList;
			buildConfigurations = (
				DFDF5CD423F917B7002076AA /* Debug */,
				DFDF5CD523F917B7002076AA /* Release */,
			);
			defaultConfigurationIsVisible = 0;
			defaultConfigurationName = Release;
		};
		DFDF5CD623F917B7002076AA /* Build configuration list for PBXNativeTarget "Animation" */ = {
			isa = XCConfigurationList;
			buildConfigurations = (
				DFDF5CD723F917B7002076AA /* Debug */,
				DFDF5CD823F917B7002076AA /* Release */,
			);
			defaultConfigurationIsVisible = 0;
			defaultConfigurationName = Release;
		};
		DFDF5CD923F917B7002076AA /* Build configuration list for PBXNativeTarget "AnimationTests" */ = {
			isa = XCConfigurationList;
			buildConfigurations = (
				DFDF5CDA23F917B7002076AA /* Debug */,
				DFDF5CDB23F917B7002076AA /* Release */,
			);
			defaultConfigurationIsVisible = 0;
			defaultConfigurationName = Release;
		};
		DFDF5CDC23F917B7002076AA /* Build configuration list for PBXNativeTarget "AnimationUITests" */ = {
			isa = XCConfigurationList;
			buildConfigurations = (
				DFDF5CDD23F917B7002076AA /* Debug */,
				DFDF5CDE23F917B7002076AA /* Release */,
			);
			defaultConfigurationIsVisible = 0;
			defaultConfigurationName = Release;
		};
/* End XCConfigurationList section */
	};
	rootObject = DFDF5CA423F917B5002076AA /* Project object */;
}
